// !$*UTF8*$!
{
	archiveVersion = 1;
	classes = {
	};
	objectVersion = 46;
	objects = {

/* Begin PBXBuildFile section */
		A18DB9DF1C7FCA62009372EF /* AppDelegate.swift in Sources */ = {isa = PBXBuildFile; fileRef = A18DB9DE1C7FCA62009372EF /* AppDelegate.swift */; };
		A18DB9E11C7FCA62009372EF /* ViewController.swift in Sources */ = {isa = PBXBuildFile; fileRef = A18DB9E01C7FCA62009372EF /* ViewController.swift */; };
		A18DB9E41C7FCA62009372EF /* Main.storyboard in Resources */ = {isa = PBXBuildFile; fileRef = A18DB9E21C7FCA62009372EF /* Main.storyboard */; };
		A18DB9E61C7FCA62009372EF /* Assets.xcassets in Resources */ = {isa = PBXBuildFile; fileRef = A18DB9E51C7FCA62009372EF /* Assets.xcassets */; };
		A18DB9E91C7FCA62009372EF /* LaunchScreen.storyboard in Resources */ = {isa = PBXBuildFile; fileRef = A18DB9E71C7FCA62009372EF /* LaunchScreen.storyboard */; };
/* End PBXBuildFile section */

/* Begin PBXFileReference section */
		A18DB9DB1C7FCA62009372EF /* DrawBoard.app */ = {isa = PBXFileReference; explicitFileType = wrapper.application; includeInIndex = 0; path = DrawBoard.app; sourceTree = BUILT_PRODUCTS_DIR; };
		A18DB9DE1C7FCA62009372EF /* AppDelegate.swift */ = {isa = PBXFileReference; lastKnownFileType = sourcecode.swift; path = AppDelegate.swift; sourceTree = "<group>"; };
		A18DB9E01C7FCA62009372EF /* ViewController.swift */ = {isa = PBXFileReference; lastKnownFileType = sourcecode.swift; path = ViewController.swift; sourceTree = "<group>"; };
		A18DB9E31C7FCA62009372EF /* Base */ = {isa = PBXFileReference; lastKnownFileType = file.storyboard; name = Base; path = Base.lproj/Main.storyboard; sourceTree = "<group>"; };
		A18DB9E51C7FCA62009372EF /* Assets.xcassets */ = {isa = PBXFileReference; lastKnownFileType = folder.assetcatalog; path = Assets.xcassets; sourceTree = "<group>"; };
		A18DB9E81C7FCA62009372EF /* Base */ = {isa = PBXFileReference; lastKnownFileType = file.storyboard; name = Base; path = Base.lproj/LaunchScreen.storyboard; sourceTree = "<group>"; };
		A18DB9EA1C7FCA62009372EF /* Info.plist */ = {isa = PBXFileReference; lastKnownFileType = text.plist.xml; path = Info.plist; sourceTree = "<group>"; };
/* End PBXFileReference section */

/* Begin PBXFrameworksBuildPhase section */
		A18DB9D81C7FCA62009372EF /* Frameworks */ = {
			isa = PBXFrameworksBuildPhase;
			buildActionMask = 2147483647;
			files = (
			);
			runOnlyForDeploymentPostprocessing = 0;
		};
/* End PBXFrameworksBuildPhase section */

/* Begin PBXGroup section */
		A18DB9D21C7FCA62009372EF = {
			isa = PBXGroup;
			children = (
				A18DB9DD1C7FCA62009372EF /* DrawBoard */,
				A18DB9DC1C7FCA62009372EF /* Products */,
			);
			sourceTree = "<group>";
		};
		A18DB9DC1C7FCA62009372EF /* Products */ = {
			isa = PBXGroup;
			children = (
				A18DB9DB1C7FCA62009372EF /* DrawBoard.app */,
			);
			name = Products;
			sourceTree = "<group>";
		};
		A18DB9DD1C7FCA62009372EF /* DrawBoard */ = {
			isa = PBXGroup;
			children = (
				A18DB9DE1C7FCA62009372EF /* AppDelegate.swift */,
				A18DB9E01C7FCA62009372EF /* ViewController.swift */,
				A18DB9E21C7FCA62009372EF /* Main.storyboard */,
				A18DB9E51C7FCA62009372EF /* Assets.xcassets */,
				A18DB9E71C7FCA62009372EF /* LaunchScreen.storyboard */,
				A18DB9EA1C7FCA62009372EF /* Info.plist */,
			);
			path = DrawBoard;
			sourceTree = "<group>";
		};
/* End PBXGroup section */

/* Begin PBXNativeTarget section */
		A18DB9DA1C7FCA62009372EF /* DrawBoard */ = {
			isa = PBXNativeTarget;
			buildConfigurationList = A18DB9ED1C7FCA62009372EF /* Build configuration list for PBXNativeTarget "DrawBoard" */;
			buildPhases = (
				A18DB9D71C7FCA62009372EF /* Sources */,
				A18DB9D81C7FCA62009372EF /* Frameworks */,
				A18DB9D91C7FCA62009372EF /* Resources */,
			);
			buildRules = (
			);
			dependencies = (
			);
			name = DrawBoard;
			productName = DrawBoard;
			productReference = A18DB9DB1C7FCA62009372EF /* DrawBoard.app */;
			productType = "com.apple.product-type.application";
		};
/* End PBXNativeTarget section */

/* Begin PBXProject section */
		A18DB9D31C7FCA62009372EF /* Project object */ = {
			isa = PBXProject;
			attributes = {
				LastSwiftUpdateCheck = 0720;
				LastUpgradeCheck = 0720;
				ORGANIZATIONNAME = "Nikhil Thota";
				TargetAttributes = {
					A18DB9DA1C7FCA62009372EF = {
						CreatedOnToolsVersion = 7.2;
						DevelopmentTeam = 9T72R294QS;
					};
				};
			};
			buildConfigurationList = A18DB9D61C7FCA62009372EF /* Build configuration list for PBXProject "DrawBoard" */;
			compatibilityVersion = "Xcode 3.2";
			developmentRegion = English;
			hasScannedForEncodings = 0;
			knownRegions = (
				en,
				Base,
			);
			mainGroup = A18DB9D21C7FCA62009372EF;
			productRefGroup = A18DB9DC1C7FCA62009372EF /* Products */;
			projectDirPath = "";
			projectRoot = "";
			targets = (
				A18DB9DA1C7FCA62009372EF /* DrawBoard */,
			);
		};
/* End PBXProject section */

/* Begin PBXResourcesBuildPhase section */
		A18DB9D91C7FCA62009372EF /* Resources */ = {
			isa = PBXResourcesBuildPhase;
			buildActionMask = 2147483647;
			files = (
				A18DB9E91C7FCA62009372EF /* LaunchScreen.storyboard in Resources */,
				A18DB9E61C7FCA62009372EF /* Assets.xcassets in Resources */,
				A18DB9E41C7FCA62009372EF /* Main.storyboard in Resources */,
			);
			runOnlyForDeploymentPostprocessing = 0;
		};
/* End PBXResourcesBuildPhase section */

/* Begin PBXSourcesBuildPhase section */
		A18DB9D71C7FCA62009372EF /* Sources */ = {
			isa = PBXSourcesBuildPhase;
			buildActionMask = 2147483647;
			files = (
				A18DB9E11C7FCA62009372EF /* ViewController.swift in Sources */,
				A18DB9DF1C7FCA62009372EF /* AppDelegate.swift in Sources */,
			);
			runOnlyForDeploymentPostprocessing = 0;
		};
/* End PBXSourcesBuildPhase section */

/* Begin PBXVariantGroup section */
		A18DB9E21C7FCA62009372EF /* Main.storyboard */ = {
			isa = PBXVariantGroup;
			children = (
				A18DB9E31C7FCA62009372EF /* Base */,
			);
			name = Main.storyboard;
			sourceTree = "<group>";
		};
		A18DB9E71C7FCA62009372EF /* LaunchScreen.storyboard */ = {
			isa = PBXVariantGroup;
			children = (
				A18DB9E81C7FCA62009372EF /* Base */,
			);
			name = LaunchScreen.storyboard;
			sourceTree = "<group>";
		};
/* End PBXVariantGroup section */

/* Begin XCBuildConfiguration section */
		A18DB9EB1C7FCA62009372EF /* Debug */ = {
			isa = XCBuildConfiguration;
			buildSettings = {
				ALWAYS_SEARCH_USER_PATHS = NO;
				CLANG_CXX_LANGUAGE_STANDARD = "gnu++0x";
				CLANG_CXX_LIBRARY = "libc++";
				CLANG_ENABLE_MODULES = YES;
				CLANG_ENABLE_OBJC_ARC = YES;
				CLANG_WARN_BOOL_CONVERSION = YES;
				CLANG_WARN_CONSTANT_CONVERSION = YES;
				CLANG_WARN_DIRECT_OBJC_ISA_USAGE = YES_ERROR;
				CLANG_WARN_EMPTY_BODY = YES;
				CLANG_WARN_ENUM_CONVERSION = YES;
				CLANG_WARN_INT_CONVERSION = YES;
				CLANG_WARN_OBJC_ROOT_CLASS = YES_ERROR;
				CLANG_WARN_UNREACHABLE_CODE = YES;
				CLANG_WARN__DUPLICATE_METHOD_MATCH = YES;
				"CODE_SIGN_IDENTITY[sdk=iphoneos*]" = "iPhone Developer";
				COPY_PHASE_STRIP = NO;
				DEBUG_INFORMATION_FORMAT = dwarf;
				ENABLE_STRICT_OBJC_MSGSEND = YES;
				ENABLE_TESTABILITY = YES;
				GCC_C_LANGUAGE_STANDARD = gnu99;
				GCC_DYNAMIC_NO_PIC = NO;
				GCC_NO_COMMON_BLOCKS = YES;
				GCC_OPTIMIZATION_LEVEL = 0;
				GCC_PREPROCESSOR_DEFINITIONS = (
					"DEBUG=1",
					"$(inherited)",
				);
				GCC_WARN_64_TO_32_BIT_CONVERSION = YES;
				GCC_WARN_ABOUT_RETURN_TYPE = YES_ERROR;
				GCC_WARN_UNDECLARED_SELECTOR = YES;
				GCC_WARN_UNINITIALIZED_AUTOS = YES_AGGRESSIVE;
				GCC_WARN_UNUSED_FUNCTION = YES;
				GCC_WARN_UNUSED_VARIABLE = YES;
				IPHONEOS_DEPLOYMENT_TARGET = 9.2;
				MTL_ENABLE_DEBUG_INFO = YES;
				ONLY_ACTIVE_ARCH = YES;
				SDKROOT = iphoneos;
				SWIFT_OPTIMIZATION_LEVEL = "-Onone";
			};
			name = Debug;
		};
		A18DB9EC1C7FCA62009372EF /* Release */ = {
			isa = XCBuildConfiguration;
			buildSettings = {
				ALWAYS_SEARCH_USER_PATHS = NO;
				CLANG_CXX_LANGUAGE_STANDARD = "gnu++0x";
				CLANG_CXX_LIBRARY = "libc++";
				CLANG_ENABLE_MODULES = YES;
				CLANG_ENABLE_OBJC_ARC = YES;
				CLANG_WARN_BOOL_CONVERSION = YES;
				CLANG_WARN_CONSTANT_CONVERSION = YES;
				CLANG_WARN_DIRECT_OBJC_ISA_USAGE = YES_ERROR;
				CLANG_WARN_EMPTY_BODY = YES;
				CLANG_WARN_ENUM_CONVERSION = YES;
				CLANG_WARN_INT_CONVERSION = YES;
				CLANG_WARN_OBJC_ROOT_CLASS = YES_ERROR;
				CLANG_WARN_UNREACHABLE_CODE = YES;
				CLANG_WARN__DUPLICATE_METHOD_MATCH = YES;
				"CODE_SIGN_IDENTITY[sdk=iphoneos*]" = "iPhone Developer";
				COPY_PHASE_STRIP = NO;
				DEBUG_INFORMATION_FORMAT = "dwarf-with-dsym";
				ENABLE_NS_ASSERTIONS = NO;
				ENABLE_STRICT_OBJC_MSGSEND = YES;
				GCC_C_LANGUAGE_STANDARD = gnu99;
				GCC_NO_COMMON_BLOCKS = YES;
				GCC_WARN_64_TO_32_BIT_CONVERSION = YES;
				GCC_WARN_ABOUT_RETURN_TYPE = YES_ERROR;
				GCC_WARN_UNDECLARED_SELECTOR = YES;
				GCC_WARN_UNINITIALIZED_AUTOS = YES_AGGRESSIVE;
				GCC_WARN_UNUSED_FUNCTION = YES;
				GCC_WARN_UNUSED_VARIABLE = YES;
				IPHONEOS_DEPLOYMENT_TARGET = 9.2;
				MTL_ENABLE_DEBUG_INFO = NO;
				SDKROOT = iphoneos;
				VALIDATE_PRODUCT = YES;
			};
			name = Release;
		};
		A18DB9EE1C7FCA62009372EF /* Debug */ = {
			isa = XCBuildConfiguration;
			buildSettings = {
				ASSETCATALOG_COMPILER_APPICON_NAME = AppIcon;
				INFOPLIST_FILE = DrawBoard/Info.plist;
				LD_RUNPATH_SEARCH_PATHS = "$(inherited) @executable_path/Frameworks";
				PRODUCT_BUNDLE_IDENTIFIER = NikhilThota.DrawBoard;
				PRODUCT_NAME = "$(TARGET_NAME)";
			};
			name = Debug;
		};
		A18DB9EF1C7FCA62009372EF /* Release */ = {
			isa = XCBuildConfiguration;
			buildSettings = {
				ASSETCATALOG_COMPILER_APPICON_NAME = AppIcon;
				INFOPLIST_FILE = DrawBoard/Info.plist;
				LD_RUNPATH_SEARCH_PATHS = "$(inherited) @executable_path/Frameworks";
				PRODUCT_BUNDLE_IDENTIFIER = NikhilThota.DrawBoard;
				PRODUCT_NAME = "$(TARGET_NAME)";
			};
			name = Release;
		};
/* End XCBuildConfiguration section */

/* Begin XCConfigurationList section */
		A18DB9D61C7FCA62009372EF /* Build configuration list for PBXProject "DrawBoard" */ = {
			isa = XCConfigurationList;
			buildConfigurations = (
				A18DB9EB1C7FCA62009372EF /* Debug */,
				A18DB9EC1C7FCA62009372EF /* Release */,
			);
			defaultConfigurationIsVisible = 0;
			defaultConfigurationName = Release;
		};
		A18DB9ED1C7FCA62009372EF /* Build configuration list for PBXNativeTarget "DrawBoard" */ = {
			isa = XCConfigurationList;
			buildConfigurations = (
				A18DB9EE1C7FCA62009372EF /* Debug */,
				A18DB9EF1C7FCA62009372EF /* Release */,
			);
			defaultConfigurationIsVisible = 0;
		};
/* End XCConfigurationList section */
	};
	rootObject = A18DB9D31C7FCA62009372EF /* Project object */;
}
